// !$*UTF8*$!
{
	archiveVersion = 1;
	classes = {
	};
	objectVersion = 46;
	objects = {

/* Begin PBXBuildFile section */
		21BAE71D1D123CC40002B324 /* main.m in Sources */ = {isa = PBXBuildFile; fileRef = 21BAE71C1D123CC40002B324 /* main.m */; };
		21BAE7201D123CC40002B324 /* AppDelegate.m in Sources */ = {isa = PBXBuildFile; fileRef = 21BAE71F1D123CC40002B324 /* AppDelegate.m */; };
		21BAE7231D123CC40002B324 /* ViewController.m in Sources */ = {isa = PBXBuildFile; fileRef = 21BAE7221D123CC40002B324 /* ViewController.m */; };
		21BAE7261D123CC40002B324 /* Main.storyboard in Resources */ = {isa = PBXBuildFile; fileRef = 21BAE7241D123CC40002B324 /* Main.storyboard */; };
		21BAE7281D123CC40002B324 /* Assets.xcassets in Resources */ = {isa = PBXBuildFile; fileRef = 21BAE7271D123CC40002B324 /* Assets.xcassets */; };
		21BAE72B1D123CC40002B324 /* LaunchScreen.storyboard in Resources */ = {isa = PBXBuildFile; fileRef = 21BAE7291D123CC40002B324 /* LaunchScreen.storyboard */; };
		21BAE7361D123CC40002B324 /* OrderTests.m in Sources */ = {isa = PBXBuildFile; fileRef = 21BAE7351D123CC40002B324 /* OrderTests.m */; };
		21BAE7411D123CC40002B324 /* OrderUITests.m in Sources */ = {isa = PBXBuildFile; fileRef = 21BAE7401D123CC40002B324 /* OrderUITests.m */; };
/* End PBXBuildFile section */

/* Begin PBXContainerItemProxy section */
		21BAE7321D123CC40002B324 /* PBXContainerItemProxy */ = {
			isa = PBXContainerItemProxy;
			containerPortal = 21BAE7101D123CC40002B324 /* Project object */;
			proxyType = 1;
			remoteGlobalIDString = 21BAE7171D123CC40002B324;
			remoteInfo = Order;
		};
		21BAE73D1D123CC40002B324 /* PBXContainerItemProxy */ = {
			isa = PBXContainerItemProxy;
			containerPortal = 21BAE7101D123CC40002B324 /* Project object */;
			proxyType = 1;
			remoteGlobalIDString = 21BAE7171D123CC40002B324;
			remoteInfo = Order;
		};
/* End PBXContainerItemProxy section */

/* Begin PBXFileReference section */
		21BAE7181D123CC40002B324 /* Order.app */ = {isa = PBXFileReference; explicitFileType = wrapper.application; includeInIndex = 0; path = Order.app; sourceTree = BUILT_PRODUCTS_DIR; };
		21BAE71C1D123CC40002B324 /* main.m */ = {isa = PBXFileReference; lastKnownFileType = sourcecode.c.objc; path = main.m; sourceTree = "<group>"; };
		21BAE71E1D123CC40002B324 /* AppDelegate.h */ = {isa = PBXFileReference; lastKnownFileType = sourcecode.c.h; path = AppDelegate.h; sourceTree = "<group>"; };
		21BAE71F1D123CC40002B324 /* AppDelegate.m */ = {isa = PBXFileReference; lastKnownFileType = sourcecode.c.objc; path = AppDelegate.m; sourceTree = "<group>"; };
		21BAE7211D123CC40002B324 /* ViewController.h */ = {isa = PBXFileReference; lastKnownFileType = sourcecode.c.h; path = ViewController.h; sourceTree = "<group>"; };
		21BAE7221D123CC40002B324 /* ViewController.m */ = {isa = PBXFileReference; lastKnownFileType = sourcecode.c.objc; path = ViewController.m; sourceTree = "<group>"; };
		21BAE7251D123CC40002B324 /* Base */ = {isa = PBXFileReference; lastKnownFileType = file.storyboard; name = Base; path = Base.lproj/Main.storyboard; sourceTree = "<group>"; };
		21BAE7271D123CC40002B324 /* Assets.xcassets */ = {isa = PBXFileReference; lastKnownFileType = folder.assetcatalog; path = Assets.xcassets; sourceTree = "<group>"; };
		21BAE72A1D123CC40002B324 /* Base */ = {isa = PBXFileReference; lastKnownFileType = file.storyboard; name = Base; path = Base.lproj/LaunchScreen.storyboard; sourceTree = "<group>"; };
		21BAE72C1D123CC40002B324 /* Info.plist */ = {isa = PBXFileReference; lastKnownFileType = text.plist.xml; path = Info.plist; sourceTree = "<group>"; };
		21BAE7311D123CC40002B324 /* OrderTests.xctest */ = {isa = PBXFileReference; explicitFileType = wrapper.cfbundle; includeInIndex = 0; path = OrderTests.xctest; sourceTree = BUILT_PRODUCTS_DIR; };
		21BAE7351D123CC40002B324 /* OrderTests.m */ = {isa = PBXFileReference; lastKnownFileType = sourcecode.c.objc; path = OrderTests.m; sourceTree = "<group>"; };
		21BAE7371D123CC40002B324 /* Info.plist */ = {isa = PBXFileReference; lastKnownFileType = text.plist.xml; path = Info.plist; sourceTree = "<group>"; };
		21BAE73C1D123CC40002B324 /* OrderUITests.xctest */ = {isa = PBXFileReference; explicitFileType = wrapper.cfbundle; includeInIndex = 0; path = OrderUITests.xctest; sourceTree = BUILT_PRODUCTS_DIR; };
		21BAE7401D123CC40002B324 /* OrderUITests.m */ = {isa = PBXFileReference; lastKnownFileType = sourcecode.c.objc; path = OrderUITests.m; sourceTree = "<group>"; };
		21BAE7421D123CC40002B324 /* Info.plist */ = {isa = PBXFileReference; lastKnownFileType = text.plist.xml; path = Info.plist; sourceTree = "<group>"; };
/* End PBXFileReference section */

/* Begin PBXFrameworksBuildPhase section */
		21BAE7151D123CC40002B324 /* Frameworks */ = {
			isa = PBXFrameworksBuildPhase;
			buildActionMask = 2147483647;
			files = (
			);
			runOnlyForDeploymentPostprocessing = 0;
		};
		21BAE72E1D123CC40002B324 /* Frameworks */ = {
			isa = PBXFrameworksBuildPhase;
			buildActionMask = 2147483647;
			files = (
			);
			runOnlyForDeploymentPostprocessing = 0;
		};
		21BAE7391D123CC40002B324 /* Frameworks */ = {
			isa = PBXFrameworksBuildPhase;
			buildActionMask = 2147483647;
			files = (
			);
			runOnlyForDeploymentPostprocessing = 0;
		};
/* End PBXFrameworksBuildPhase section */

/* Begin PBXGroup section */
		21BAE70F1D123CC40002B324 = {
			isa = PBXGroup;
			children = (
				21BAE71A1D123CC40002B324 /* Order */,
				21BAE7341D123CC40002B324 /* OrderTests */,
				21BAE73F1D123CC40002B324 /* OrderUITests */,
				21BAE7191D123CC40002B324 /* Products */,
			);
			sourceTree = "<group>";
		};
		21BAE7191D123CC40002B324 /* Products */ = {
			isa = PBXGroup;
			children = (
				21BAE7181D123CC40002B324 /* Order.app */,
				21BAE7311D123CC40002B324 /* OrderTests.xctest */,
				21BAE73C1D123CC40002B324 /* OrderUITests.xctest */,
			);
			name = Products;
			sourceTree = "<group>";
		};
		21BAE71A1D123CC40002B324 /* Order */ = {
			isa = PBXGroup;
			children = (
				21BAE71E1D123CC40002B324 /* AppDelegate.h */,
				21BAE71F1D123CC40002B324 /* AppDelegate.m */,
				21BAE7211D123CC40002B324 /* ViewController.h */,
				21BAE7221D123CC40002B324 /* ViewController.m */,
				21BAE7241D123CC40002B324 /* Main.storyboard */,
				21BAE7271D123CC40002B324 /* Assets.xcassets */,
				21BAE7291D123CC40002B324 /* LaunchScreen.storyboard */,
				21BAE72C1D123CC40002B324 /* Info.plist */,
				21BAE71B1D123CC40002B324 /* Supporting Files */,
			);
			path = Order;
			sourceTree = "<group>";
		};
		21BAE71B1D123CC40002B324 /* Supporting Files */ = {
			isa = PBXGroup;
			children = (
				21BAE71C1D123CC40002B324 /* main.m */,
			);
			name = "Supporting Files";
			sourceTree = "<group>";
		};
		21BAE7341D123CC40002B324 /* OrderTests */ = {
			isa = PBXGroup;
			children = (
				21BAE7351D123CC40002B324 /* OrderTests.m */,
				21BAE7371D123CC40002B324 /* Info.plist */,
			);
			path = OrderTests;
			sourceTree = "<group>";
		};
		21BAE73F1D123CC40002B324 /* OrderUITests */ = {
			isa = PBXGroup;
			children = (
				21BAE7401D123CC40002B324 /* OrderUITests.m */,
				21BAE7421D123CC40002B324 /* Info.plist */,
			);
			path = OrderUITests;
			sourceTree = "<group>";
		};
/* End PBXGroup section */

/* Begin PBXNativeTarget section */
		21BAE7171D123CC40002B324 /* Order */ = {
			isa = PBXNativeTarget;
			buildConfigurationList = 21BAE7451D123CC40002B324 /* Build configuration list for PBXNativeTarget "Order" */;
			buildPhases = (
				21BAE7141D123CC40002B324 /* Sources */,
				21BAE7151D123CC40002B324 /* Frameworks */,
				21BAE7161D123CC40002B324 /* Resources */,
			);
			buildRules = (
			);
			dependencies = (
			);
			name = Order;
			productName = Order;
			productReference = 21BAE7181D123CC40002B324 /* Order.app */;
			productType = "com.apple.product-type.application";
		};
		21BAE7301D123CC40002B324 /* OrderTests */ = {
			isa = PBXNativeTarget;
			buildConfigurationList = 21BAE7481D123CC40002B324 /* Build configuration list for PBXNativeTarget "OrderTests" */;
			buildPhases = (
				21BAE72D1D123CC40002B324 /* Sources */,
				21BAE72E1D123CC40002B324 /* Frameworks */,
				21BAE72F1D123CC40002B324 /* Resources */,
			);
			buildRules = (
			);
			dependencies = (
				21BAE7331D123CC40002B324 /* PBXTargetDependency */,
			);
			name = OrderTests;
			productName = OrderTests;
			productReference = 21BAE7311D123CC40002B324 /* OrderTests.xctest */;
			productType = "com.apple.product-type.bundle.unit-test";
		};
		21BAE73B1D123CC40002B324 /* OrderUITests */ = {
			isa = PBXNativeTarget;
			buildConfigurationList = 21BAE74B1D123CC40002B324 /* Build configuration list for PBXNativeTarget "OrderUITests" */;
			buildPhases = (
				21BAE7381D123CC40002B324 /* Sources */,
				21BAE7391D123CC40002B324 /* Frameworks */,
				21BAE73A1D123CC40002B324 /* Resources */,
			);
			buildRules = (
			);
			dependencies = (
				21BAE73E1D123CC40002B324 /* PBXTargetDependency */,
			);
			name = OrderUITests;
			productName = OrderUITests;
			productReference = 21BAE73C1D123CC40002B324 /* OrderUITests.xctest */;
			productType = "com.apple.product-type.bundle.ui-testing";
		};
/* End PBXNativeTarget section */

/* Begin PBXProject section */
		21BAE7101D123CC40002B324 /* Project object */ = {
			isa = PBXProject;
			attributes = {
				LastUpgradeCheck = 0730;
				ORGANIZATIONNAME = Particlestechnology;
				TargetAttributes = {
					21BAE7171D123CC40002B324 = {
						CreatedOnToolsVersion = 7.3.1;
					};
					21BAE7301D123CC40002B324 = {
						CreatedOnToolsVersion = 7.3.1;
						TestTargetID = 21BAE7171D123CC40002B324;
					};
					21BAE73B1D123CC40002B324 = {
						CreatedOnToolsVersion = 7.3.1;
						TestTargetID = 21BAE7171D123CC40002B324;
					};
				};
			};
			buildConfigurationList = 21BAE7131D123CC40002B324 /* Build configuration list for PBXProject "Order" */;
			compatibilityVersion = "Xcode 3.2";
			developmentRegion = English;
			hasScannedForEncodings = 0;
			knownRegions = (
				en,
				Base,
			);
			mainGroup = 21BAE70F1D123CC40002B324;
			productRefGroup = 21BAE7191D123CC40002B324 /* Products */;
			projectDirPath = "";
			projectRoot = "";
			targets = (
				21BAE7171D123CC40002B324 /* Order */,
				21BAE7301D123CC40002B324 /* OrderTests */,
				21BAE73B1D123CC40002B324 /* OrderUITests */,
			);
		};
/* End PBXProject section */

/* Begin PBXResourcesBuildPhase section */
		21BAE7161D123CC40002B324 /* Resources */ = {
			isa = PBXResourcesBuildPhase;
			buildActionMask = 2147483647;
			files = (
				21BAE72B1D123CC40002B324 /* LaunchScreen.storyboard in Resources */,
				21BAE7281D123CC40002B324 /* Assets.xcassets in Resources */,
				21BAE7261D123CC40002B324 /* Main.storyboard in Resources */,
			);
			runOnlyForDeploymentPostprocessing = 0;
		};
		21BAE72F1D123CC40002B324 /* Resources */ = {
			isa = PBXResourcesBuildPhase;
			buildActionMask = 2147483647;
			files = (
			);
			runOnlyForDeploymentPostprocessing = 0;
		};
		21BAE73A1D123CC40002B324 /* Resources */ = {
			isa = PBXResourcesBuildPhase;
			buildActionMask = 2147483647;
			files = (
			);
			runOnlyForDeploymentPostprocessing = 0;
		};
/* End PBXResourcesBuildPhase section */

/* Begin PBXSourcesBuildPhase section */
		21BAE7141D123CC40002B324 /* Sources */ = {
			isa = PBXSourcesBuildPhase;
			buildActionMask = 2147483647;
			files = (
				21BAE7231D123CC40002B324 /* ViewController.m in Sources */,
				21BAE7201D123CC40002B324 /* AppDelegate.m in Sources */,
				21BAE71D1D123CC40002B324 /* main.m in Sources */,
			);
			runOnlyForDeploymentPostprocessing = 0;
		};
		21BAE72D1D123CC40002B324 /* Sources */ = {
			isa = PBXSourcesBuildPhase;
			buildActionMask = 2147483647;
			files = (
				21BAE7361D123CC40002B324 /* OrderTests.m in Sources */,
			);
			runOnlyForDeploymentPostprocessing = 0;
		};
		21BAE7381D123CC40002B324 /* Sources */ = {
			isa = PBXSourcesBuildPhase;
			buildActionMask = 2147483647;
			files = (
				21BAE7411D123CC40002B324 /* OrderUITests.m in Sources */,
			);
			runOnlyForDeploymentPostprocessing = 0;
		};
/* End PBXSourcesBuildPhase section */

/* Begin PBXTargetDependency section */
		21BAE7331D123CC40002B324 /* PBXTargetDependency */ = {
			isa = PBXTargetDependency;
			target = 21BAE7171D123CC40002B324 /* Order */;
			targetProxy = 21BAE7321D123CC40002B324 /* PBXContainerItemProxy */;
		};
		21BAE73E1D123CC40002B324 /* PBXTargetDependency */ = {
			isa = PBXTargetDependency;
			target = 21BAE7171D123CC40002B324 /* Order */;
			targetProxy = 21BAE73D1D123CC40002B324 /* PBXContainerItemProxy */;
		};
/* End PBXTargetDependency section */

/* Begin PBXVariantGroup section */
		21BAE7241D123CC40002B324 /* Main.storyboard */ = {
			isa = PBXVariantGroup;
			children = (
				21BAE7251D123CC40002B324 /* Base */,
			);
			name = Main.storyboard;
			sourceTree = "<group>";
		};
		21BAE7291D123CC40002B324 /* LaunchScreen.storyboard */ = {
			isa = PBXVariantGroup;
			children = (
				21BAE72A1D123CC40002B324 /* Base */,
			);
			name = LaunchScreen.storyboard;
			sourceTree = "<group>";
		};
/* End PBXVariantGroup section */

/* Begin XCBuildConfiguration section */
		21BAE7431D123CC40002B324 /* Debug */ = {
			isa = XCBuildConfiguration;
			buildSettings = {
				ALWAYS_SEARCH_USER_PATHS = NO;
				CLANG_ANALYZER_NONNULL = YES;
				CLANG_CXX_LANGUAGE_STANDARD = "gnu++0x";
				CLANG_CXX_LIBRARY = "libc++";
				CLANG_ENABLE_MODULES = YES;
				CLANG_ENABLE_OBJC_ARC = YES;
				CLANG_WARN_BOOL_CONVERSION = YES;
				CLANG_WARN_CONSTANT_CONVERSION = YES;
				CLANG_WARN_DIRECT_OBJC_ISA_USAGE = YES_ERROR;
				CLANG_WARN_EMPTY_BODY = YES;
				CLANG_WARN_ENUM_CONVERSION = YES;
				CLANG_WARN_INT_CONVERSION = YES;
				CLANG_WARN_OBJC_ROOT_CLASS = YES_ERROR;
				CLANG_WARN_UNREACHABLE_CODE = YES;
				CLANG_WARN__DUPLICATE_METHOD_MATCH = YES;
				"CODE_SIGN_IDENTITY[sdk=iphoneos*]" = "iPhone Developer";
				COPY_PHASE_STRIP = NO;
				DEBUG_INFORMATION_FORMAT = dwarf;
				ENABLE_STRICT_OBJC_MSGSEND = YES;
				ENABLE_TESTABILITY = YES;
				GCC_C_LANGUAGE_STANDARD = gnu99;
				GCC_DYNAMIC_NO_PIC = NO;
				GCC_NO_COMMON_BLOCKS = YES;
				GCC_OPTIMIZATION_LEVEL = 0;
				GCC_PREPROCESSOR_DEFINITIONS = (
					"DEBUG=1",
					"$(inherited)",
				);
				GCC_WARN_64_TO_32_BIT_CONVERSION = YES;
				GCC_WARN_ABOUT_RETURN_TYPE = YES_ERROR;
				GCC_WARN_UNDECLARED_SELECTOR = YES;
				GCC_WARN_UNINITIALIZED_AUTOS = YES_AGGRESSIVE;
				GCC_WARN_UNUSED_FUNCTION = YES;
				GCC_WARN_UNUSED_VARIABLE = YES;
				IPHONEOS_DEPLOYMENT_TARGET = 9.3;
				MTL_ENABLE_DEBUG_INFO = YES;
				ONLY_ACTIVE_ARCH = YES;
				SDKROOT = iphoneos;
			};
			name = Debug;
		};
		21BAE7441D123CC40002B324 /* Release */ = {
			isa = XCBuildConfiguration;
			buildSettings = {
				ALWAYS_SEARCH_USER_PATHS = NO;
				CLANG_ANALYZER_NONNULL = YES;
				CLANG_CXX_LANGUAGE_STANDARD = "gnu++0x";
				CLANG_CXX_LIBRARY = "libc++";
				CLANG_ENABLE_MODULES = YES;
				CLANG_ENABLE_OBJC_ARC = YES;
				CLANG_WARN_BOOL_CONVERSION = YES;
				CLANG_WARN_CONSTANT_CONVERSION = YES;
				CLANG_WARN_DIRECT_OBJC_ISA_USAGE = YES_ERROR;
				CLANG_WARN_EMPTY_BODY = YES;
				CLANG_WARN_ENUM_CONVERSION = YES;
				CLANG_WARN_INT_CONVERSION = YES;
				CLANG_WARN_OBJC_ROOT_CLASS = YES_ERROR;
				CLANG_WARN_UNREACHABLE_CODE = YES;
				CLANG_WARN__DUPLICATE_METHOD_MATCH = YES;
				"CODE_SIGN_IDENTITY[sdk=iphoneos*]" = "iPhone Developer";
				COPY_PHASE_STRIP = NO;
				DEBUG_INFORMATION_FORMAT = "dwarf-with-dsym";
				ENABLE_NS_ASSERTIONS = NO;
				ENABLE_STRICT_OBJC_MSGSEND = YES;
				GCC_C_LANGUAGE_STANDARD = gnu99;
				GCC_NO_COMMON_BLOCKS = YES;
				GCC_WARN_64_TO_32_BIT_CONVERSION = YES;
				GCC_WARN_ABOUT_RETURN_TYPE = YES_ERROR;
				GCC_WARN_UNDECLARED_SELECTOR = YES;
				GCC_WARN_UNINITIALIZED_AUTOS = YES_AGGRESSIVE;
				GCC_WARN_UNUSED_FUNCTION = YES;
				GCC_WARN_UNUSED_VARIABLE = YES;
				IPHONEOS_DEPLOYMENT_TARGET = 9.3;
				MTL_ENABLE_DEBUG_INFO = NO;
				SDKROOT = iphoneos;
				VALIDATE_PRODUCT = YES;
			};
			name = Release;
		};
		21BAE7461D123CC40002B324 /* Debug */ = {
			isa = XCBuildConfiguration;
			buildSettings = {
				ASSETCATALOG_COMPILER_APPICON_NAME = AppIcon;
				INFOPLIST_FILE = Order/Info.plist;
				LD_RUNPATH_SEARCH_PATHS = "$(inherited) @executable_path/Frameworks";
				PRODUCT_BUNDLE_IDENTIFIER = com.particlestechnology.Order;
				PRODUCT_NAME = "$(TARGET_NAME)";
			};
			name = Debug;
		};
		21BAE7471D123CC40002B324 /* Release */ = {
			isa = XCBuildConfiguration;
			buildSettings = {
				ASSETCATALOG_COMPILER_APPICON_NAME = AppIcon;
				INFOPLIST_FILE = Order/Info.plist;
				LD_RUNPATH_SEARCH_PATHS = "$(inherited) @executable_path/Frameworks";
				PRODUCT_BUNDLE_IDENTIFIER = com.particlestechnology.Order;
				PRODUCT_NAME = "$(TARGET_NAME)";
			};
			name = Release;
		};
		21BAE7491D123CC40002B324 /* Debug */ = {
			isa = XCBuildConfiguration;
			buildSettings = {
				BUNDLE_LOADER = "$(TEST_HOST)";
				INFOPLIST_FILE = OrderTests/Info.plist;
				LD_RUNPATH_SEARCH_PATHS = "$(inherited) @executable_path/Frameworks @loader_path/Frameworks";
				PRODUCT_BUNDLE_IDENTIFIER = com.particlestechnology.OrderTests;
				PRODUCT_NAME = "$(TARGET_NAME)";
				TEST_HOST = "$(BUILT_PRODUCTS_DIR)/Order.app/Order";
			};
			name = Debug;
		};
		21BAE74A1D123CC40002B324 /* Release */ = {
			isa = XCBuildConfiguration;
			buildSettings = {
				BUNDLE_LOADER = "$(TEST_HOST)";
				INFOPLIST_FILE = OrderTests/Info.plist;
				LD_RUNPATH_SEARCH_PATHS = "$(inherited) @executable_path/Frameworks @loader_path/Frameworks";
				PRODUCT_BUNDLE_IDENTIFIER = com.particlestechnology.OrderTests;
				PRODUCT_NAME = "$(TARGET_NAME)";
				TEST_HOST = "$(BUILT_PRODUCTS_DIR)/Order.app/Order";
			};
			name = Release;
		};
		21BAE74C1D123CC40002B324 /* Debug */ = {
			isa = XCBuildConfiguration;
			buildSettings = {
				INFOPLIST_FILE = OrderUITests/Info.plist;
				LD_RUNPATH_SEARCH_PATHS = "$(inherited) @executable_path/Frameworks @loader_path/Frameworks";
				PRODUCT_BUNDLE_IDENTIFIER = com.particlestechnology.OrderUITests;
				PRODUCT_NAME = "$(TARGET_NAME)";
				TEST_TARGET_NAME = Order;
			};
			name = Debug;
		};
		21BAE74D1D123CC40002B324 /* Release */ = {
			isa = XCBuildConfiguration;
			buildSettings = {
				INFOPLIST_FILE = OrderUITests/Info.plist;
				LD_RUNPATH_SEARCH_PATHS = "$(inherited) @executable_path/Frameworks @loader_path/Frameworks";
				PRODUCT_BUNDLE_IDENTIFIER = com.particlestechnology.OrderUITests;
				PRODUCT_NAME = "$(TARGET_NAME)";
				TEST_TARGET_NAME = Order;
			};
			name = Release;
		};
/* End XCBuildConfiguration section */

/* Begin XCConfigurationList section */
		21BAE7131D123CC40002B324 /* Build configuration list for PBXProject "Order" */ = {
			isa = XCConfigurationList;
			buildConfigurations = (
				21BAE7431D123CC40002B324 /* Debug */,
				21BAE7441D123CC40002B324 /* Release */,
			);
			defaultConfigurationIsVisible = 0;
			defaultConfigurationName = Release;
		};
		21BAE7451D123CC40002B324 /* Build configuration list for PBXNativeTarget "Order" */ = {
			isa = XCConfigurationList;
			buildConfigurations = (
				21BAE7461D123CC40002B324 /* Debug */,
				21BAE7471D123CC40002B324 /* Release */,
			);
			defaultConfigurationIsVisible = 0;
		};
		21BAE7481D123CC40002B324 /* Build configuration list for PBXNativeTarget "OrderTests" */ = {
			isa = XCConfigurationList;
			buildConfigurations = (
				21BAE7491D123CC40002B324 /* Debug */,
				21BAE74A1D123CC40002B324 /* Release */,
			);
			defaultConfigurationIsVisible = 0;
		};
		21BAE74B1D123CC40002B324 /* Build configuration list for PBXNativeTarget "OrderUITests" */ = {
			isa = XCConfigurationList;
			buildConfigurations = (
				21BAE74C1D123CC40002B324 /* Debug */,
				21BAE74D1D123CC40002B324 /* Release */,
			);
			defaultConfigurationIsVisible = 0;
		};
/* End XCConfigurationList section */
	};
	rootObject = 21BAE7101D123CC40002B324 /* Project object */;
}
